// !$*UTF8*$!
{
	archiveVersion = 1;
	classes = {
	};
	objectVersion = 46;
	objects = {

/* Begin PBXBuildFile section */
		268A67070E93093BE4F55DF4 /* Pods_PP.framework in Frameworks */ = {isa = PBXBuildFile; fileRef = 4F8289FA99FF1D92FDDA9C5B /* Pods_PP.framework */; };
		5F9576331E7177D200445A63 /* BuildingGridLayout.swift in Sources */ = {isa = PBXBuildFile; fileRef = 5F9576321E7177D200445A63 /* BuildingGridLayout.swift */; };
		5F9576361E71A16100445A63 /* BuildingBlockCollectionViewCell.swift in Sources */ = {isa = PBXBuildFile; fileRef = 5F9576341E71A16100445A63 /* BuildingBlockCollectionViewCell.swift */; };
		5F9576371E71A16100445A63 /* BuildingBlockCollectionViewCell.xib in Resources */ = {isa = PBXBuildFile; fileRef = 5F9576351E71A16100445A63 /* BuildingBlockCollectionViewCell.xib */; };
		A149FB041E38221000B31B1D /* PPAction.swift in Sources */ = {isa = PBXBuildFile; fileRef = A149FB031E38221000B31B1D /* PPAction.swift */; };
		A17226121E52867300FCCAD0 /* PropertiesViewController.swift in Sources */ = {isa = PBXBuildFile; fileRef = A17226111E52867300FCCAD0 /* PropertiesViewController.swift */; };
		A17226141E5286F100FCCAD0 /* PartnerViewController.swift in Sources */ = {isa = PBXBuildFile; fileRef = A17226131E5286F100FCCAD0 /* PartnerViewController.swift */; };
		A17226161E52871800FCCAD0 /* HistoryViewController.swift in Sources */ = {isa = PBXBuildFile; fileRef = A17226151E52871800FCCAD0 /* HistoryViewController.swift */; };
		A17226181E52872D00FCCAD0 /* NotificationViewController.swift in Sources */ = {isa = PBXBuildFile; fileRef = A17226171E52872D00FCCAD0 /* NotificationViewController.swift */; };
		A172261A1E5287B000FCCAD0 /* PropertyDetailsViewController.swift in Sources */ = {isa = PBXBuildFile; fileRef = A17226191E5287B000FCCAD0 /* PropertyDetailsViewController.swift */; };
		A172261C1E528F2B00FCCAD0 /* PropertyTypeViewController.swift in Sources */ = {isa = PBXBuildFile; fileRef = A172261B1E528F2B00FCCAD0 /* PropertyTypeViewController.swift */; };
		A172261E1E528F4B00FCCAD0 /* PropertyBuildingViewController.swift in Sources */ = {isa = PBXBuildFile; fileRef = A172261D1E528F4B00FCCAD0 /* PropertyBuildingViewController.swift */; };
		A17226201E528F5D00FCCAD0 /* PropertyStatViewController.swift in Sources */ = {isa = PBXBuildFile; fileRef = A172261F1E528F5D00FCCAD0 /* PropertyStatViewController.swift */; };
		A17226221E528F8800FCCAD0 /* PropertyDetailsMainViewController.swift in Sources */ = {isa = PBXBuildFile; fileRef = A17226211E528F8800FCCAD0 /* PropertyDetailsMainViewController.swift */; };
		A1974F9E1E42AD1D00F710FA /* CodeTableViewCell.swift in Sources */ = {isa = PBXBuildFile; fileRef = A1974F9D1E42AD1D00F710FA /* CodeTableViewCell.swift */; };
		A1974FA01E42AD8400F710FA /* CodePageViewController.swift in Sources */ = {isa = PBXBuildFile; fileRef = A1974F9F1E42AD8400F710FA /* CodePageViewController.swift */; };
		A19EF54F1E319FAF0091556E /* User.swift in Sources */ = {isa = PBXBuildFile; fileRef = A19EF54E1E319FAF0091556E /* User.swift */; };
		A1A6A5AD1E49474500F56FBF /* ProfileViewController.swift in Sources */ = {isa = PBXBuildFile; fileRef = A1A6A5AC1E49474500F56FBF /* ProfileViewController.swift */; };
		A1A6A5AF1E49478800F56FBF /* AddPropertyViewController.swift in Sources */ = {isa = PBXBuildFile; fileRef = A1A6A5AE1E49478800F56FBF /* AddPropertyViewController.swift */; };
		A1A6A5B11E494E1300F56FBF /* PPMainTabBarController.swift in Sources */ = {isa = PBXBuildFile; fileRef = A1A6A5B01E494E1300F56FBF /* PPMainTabBarController.swift */; };
		AF61AD0B1E24C1BE001FC3FB /* AppDelegate.swift in Sources */ = {isa = PBXBuildFile; fileRef = AF61AD0A1E24C1BE001FC3FB /* AppDelegate.swift */; };
		AF61AD0D1E24C1BE001FC3FB /* ViewController.swift in Sources */ = {isa = PBXBuildFile; fileRef = AF61AD0C1E24C1BE001FC3FB /* ViewController.swift */; };
		AF61AD101E24C1BE001FC3FB /* Main.storyboard in Resources */ = {isa = PBXBuildFile; fileRef = AF61AD0E1E24C1BE001FC3FB /* Main.storyboard */; };
		AF61AD121E24C1BE001FC3FB /* Assets.xcassets in Resources */ = {isa = PBXBuildFile; fileRef = AF61AD111E24C1BE001FC3FB /* Assets.xcassets */; };
		AF61AD151E24C1BE001FC3FB /* LaunchScreen.storyboard in Resources */ = {isa = PBXBuildFile; fileRef = AF61AD131E24C1BE001FC3FB /* LaunchScreen.storyboard */; };
		AF61AD1D1E24C20C001FC3FB /* LoginViewController.swift in Sources */ = {isa = PBXBuildFile; fileRef = AF61AD1C1E24C20C001FC3FB /* LoginViewController.swift */; };
		AF61AD1F1E24C212001FC3FB /* SignUpViewController.swift in Sources */ = {isa = PBXBuildFile; fileRef = AF61AD1E1E24C212001FC3FB /* SignUpViewController.swift */; };
		AF61AD211E24C581001FC3FB /* imagepickerViewController.swift in Sources */ = {isa = PBXBuildFile; fileRef = AF61AD201E24C581001FC3FB /* imagepickerViewController.swift */; };
		AF61AD231E24C66E001FC3FB /* GoogleService-Info.plist in Resources */ = {isa = PBXBuildFile; fileRef = AF61AD221E24C66E001FC3FB /* GoogleService-Info.plist */; };
		AF61AD251E24C78C001FC3FB /* Instagram.swift in Sources */ = {isa = PBXBuildFile; fileRef = AF61AD241E24C78C001FC3FB /* Instagram.swift */; };
/* End PBXBuildFile section */

/* Begin PBXFileReference section */
		4F8289FA99FF1D92FDDA9C5B /* Pods_PP.framework */ = {isa = PBXFileReference; explicitFileType = wrapper.framework; includeInIndex = 0; path = Pods_PP.framework; sourceTree = BUILT_PRODUCTS_DIR; };
		5F9576321E7177D200445A63 /* BuildingGridLayout.swift */ = {isa = PBXFileReference; fileEncoding = 4; lastKnownFileType = sourcecode.swift; path = BuildingGridLayout.swift; sourceTree = "<group>"; };
		5F9576341E71A16100445A63 /* BuildingBlockCollectionViewCell.swift */ = {isa = PBXFileReference; fileEncoding = 4; lastKnownFileType = sourcecode.swift; path = BuildingBlockCollectionViewCell.swift; sourceTree = "<group>"; };
		5F9576351E71A16100445A63 /* BuildingBlockCollectionViewCell.xib */ = {isa = PBXFileReference; fileEncoding = 4; lastKnownFileType = file.xib; path = BuildingBlockCollectionViewCell.xib; sourceTree = "<group>"; };
		69C472857A80D5ECA69FFF98 /* Pods-PP.release.xcconfig */ = {isa = PBXFileReference; includeInIndex = 1; lastKnownFileType = text.xcconfig; name = "Pods-PP.release.xcconfig"; path = "Pods/Target Support Files/Pods-PP/Pods-PP.release.xcconfig"; sourceTree = "<group>"; };
		A149FB031E38221000B31B1D /* PPAction.swift */ = {isa = PBXFileReference; fileEncoding = 4; lastKnownFileType = sourcecode.swift; path = PPAction.swift; sourceTree = "<group>"; };
		A17226111E52867300FCCAD0 /* PropertiesViewController.swift */ = {isa = PBXFileReference; fileEncoding = 4; lastKnownFileType = sourcecode.swift; path = PropertiesViewController.swift; sourceTree = "<group>"; };
		A17226131E5286F100FCCAD0 /* PartnerViewController.swift */ = {isa = PBXFileReference; fileEncoding = 4; lastKnownFileType = sourcecode.swift; path = PartnerViewController.swift; sourceTree = "<group>"; };
		A17226151E52871800FCCAD0 /* HistoryViewController.swift */ = {isa = PBXFileReference; fileEncoding = 4; lastKnownFileType = sourcecode.swift; path = HistoryViewController.swift; sourceTree = "<group>"; };
		A17226171E52872D00FCCAD0 /* NotificationViewController.swift */ = {isa = PBXFileReference; fileEncoding = 4; lastKnownFileType = sourcecode.swift; path = NotificationViewController.swift; sourceTree = "<group>"; };
		A17226191E5287B000FCCAD0 /* PropertyDetailsViewController.swift */ = {isa = PBXFileReference; fileEncoding = 4; lastKnownFileType = sourcecode.swift; path = PropertyDetailsViewController.swift; sourceTree = "<group>"; };
		A172261B1E528F2B00FCCAD0 /* PropertyTypeViewController.swift */ = {isa = PBXFileReference; fileEncoding = 4; lastKnownFileType = sourcecode.swift; path = PropertyTypeViewController.swift; sourceTree = "<group>"; };
		A172261D1E528F4B00FCCAD0 /* PropertyBuildingViewController.swift */ = {isa = PBXFileReference; fileEncoding = 4; lastKnownFileType = sourcecode.swift; path = PropertyBuildingViewController.swift; sourceTree = "<group>"; };
		A172261F1E528F5D00FCCAD0 /* PropertyStatViewController.swift */ = {isa = PBXFileReference; fileEncoding = 4; lastKnownFileType = sourcecode.swift; path = PropertyStatViewController.swift; sourceTree = "<group>"; };
		A17226211E528F8800FCCAD0 /* PropertyDetailsMainViewController.swift */ = {isa = PBXFileReference; fileEncoding = 4; lastKnownFileType = sourcecode.swift; path = PropertyDetailsMainViewController.swift; sourceTree = "<group>"; };
		A1974F9D1E42AD1D00F710FA /* CodeTableViewCell.swift */ = {isa = PBXFileReference; fileEncoding = 4; lastKnownFileType = sourcecode.swift; path = CodeTableViewCell.swift; sourceTree = "<group>"; };
		A1974F9F1E42AD8400F710FA /* CodePageViewController.swift */ = {isa = PBXFileReference; fileEncoding = 4; lastKnownFileType = sourcecode.swift; path = CodePageViewController.swift; sourceTree = "<group>"; };
		A19EF54E1E319FAF0091556E /* User.swift */ = {isa = PBXFileReference; fileEncoding = 4; lastKnownFileType = sourcecode.swift; path = User.swift; sourceTree = "<group>"; };
		A1A6A5AC1E49474500F56FBF /* ProfileViewController.swift */ = {isa = PBXFileReference; fileEncoding = 4; lastKnownFileType = sourcecode.swift; path = ProfileViewController.swift; sourceTree = "<group>"; };
		A1A6A5AE1E49478800F56FBF /* AddPropertyViewController.swift */ = {isa = PBXFileReference; fileEncoding = 4; lastKnownFileType = sourcecode.swift; path = AddPropertyViewController.swift; sourceTree = "<group>"; };
		A1A6A5B01E494E1300F56FBF /* PPMainTabBarController.swift */ = {isa = PBXFileReference; fileEncoding = 4; lastKnownFileType = sourcecode.swift; path = PPMainTabBarController.swift; sourceTree = "<group>"; };
		AF61AD071E24C1BE001FC3FB /* PP.app */ = {isa = PBXFileReference; explicitFileType = wrapper.application; includeInIndex = 0; path = PP.app; sourceTree = BUILT_PRODUCTS_DIR; };
		AF61AD0A1E24C1BE001FC3FB /* AppDelegate.swift */ = {isa = PBXFileReference; lastKnownFileType = sourcecode.swift; path = AppDelegate.swift; sourceTree = "<group>"; };
		AF61AD0C1E24C1BE001FC3FB /* ViewController.swift */ = {isa = PBXFileReference; lastKnownFileType = sourcecode.swift; path = ViewController.swift; sourceTree = "<group>"; };
		AF61AD0F1E24C1BE001FC3FB /* Base */ = {isa = PBXFileReference; lastKnownFileType = file.storyboard; name = Base; path = Base.lproj/Main.storyboard; sourceTree = "<group>"; };
		AF61AD111E24C1BE001FC3FB /* Assets.xcassets */ = {isa = PBXFileReference; lastKnownFileType = folder.assetcatalog; path = Assets.xcassets; sourceTree = "<group>"; };
		AF61AD141E24C1BE001FC3FB /* Base */ = {isa = PBXFileReference; lastKnownFileType = file.storyboard; name = Base; path = Base.lproj/LaunchScreen.storyboard; sourceTree = "<group>"; };
		AF61AD161E24C1BE001FC3FB /* Info.plist */ = {isa = PBXFileReference; lastKnownFileType = text.plist.xml; path = Info.plist; sourceTree = "<group>"; };
		AF61AD1C1E24C20C001FC3FB /* LoginViewController.swift */ = {isa = PBXFileReference; fileEncoding = 4; lastKnownFileType = sourcecode.swift; path = LoginViewController.swift; sourceTree = "<group>"; };
		AF61AD1E1E24C212001FC3FB /* SignUpViewController.swift */ = {isa = PBXFileReference; fileEncoding = 4; lastKnownFileType = sourcecode.swift; path = SignUpViewController.swift; sourceTree = "<group>"; };
		AF61AD201E24C581001FC3FB /* imagepickerViewController.swift */ = {isa = PBXFileReference; fileEncoding = 4; lastKnownFileType = sourcecode.swift; path = imagepickerViewController.swift; sourceTree = "<group>"; };
		AF61AD221E24C66E001FC3FB /* GoogleService-Info.plist */ = {isa = PBXFileReference; fileEncoding = 4; lastKnownFileType = text.plist.xml; path = "GoogleService-Info.plist"; sourceTree = "<group>"; };
		AF61AD241E24C78C001FC3FB /* Instagram.swift */ = {isa = PBXFileReference; fileEncoding = 4; lastKnownFileType = sourcecode.swift; path = Instagram.swift; sourceTree = "<group>"; };
		D16BBDD9D0E58F64222529CB /* Pods-PP.debug.xcconfig */ = {isa = PBXFileReference; includeInIndex = 1; lastKnownFileType = text.xcconfig; name = "Pods-PP.debug.xcconfig"; path = "Pods/Target Support Files/Pods-PP/Pods-PP.debug.xcconfig"; sourceTree = "<group>"; };
/* End PBXFileReference section */

/* Begin PBXFrameworksBuildPhase section */
		AF61AD041E24C1BE001FC3FB /* Frameworks */ = {
			isa = PBXFrameworksBuildPhase;
			buildActionMask = 2147483647;
			files = (
				268A67070E93093BE4F55DF4 /* Pods_PP.framework in Frameworks */,
			);
			runOnlyForDeploymentPostprocessing = 0;
		};
/* End PBXFrameworksBuildPhase section */

/* Begin PBXGroup section */
		5F9576311E71779800445A63 /* Layout */ = {
			isa = PBXGroup;
			children = (
				5F9576321E7177D200445A63 /* BuildingGridLayout.swift */,
			);
			name = Layout;
			path = ../SupportingFile;
			sourceTree = "<group>";
		};
		5FCA39551E62A3EB0012C6DC /* Profile */ = {
			isa = PBXGroup;
			children = (
				A1974F9F1E42AD8400F710FA /* CodePageViewController.swift */,
				A1A6A5AC1E49474500F56FBF /* ProfileViewController.swift */,
			);
			name = Profile;
			sourceTree = "<group>";
		};
		A172260A1E527F6300FCCAD0 /* other */ = {
			isa = PBXGroup;
			children = (
				AF61AD0A1E24C1BE001FC3FB /* AppDelegate.swift */,
				AF61AD241E24C78C001FC3FB /* Instagram.swift */,
				AF61AD0E1E24C1BE001FC3FB /* Main.storyboard */,
			);
			path = other;
			sourceTree = "<group>";
		};
		A172260B1E527F6F00FCCAD0 /* Model */ = {
			isa = PBXGroup;
			children = (
				A149FB031E38221000B31B1D /* PPAction.swift */,
				A19EF54E1E319FAF0091556E /* User.swift */,
			);
			path = Model;
			sourceTree = "<group>";
		};
		A172260D1E527F8500FCCAD0 /* View */ = {
			isa = PBXGroup;
			children = (
				5F9576311E71779800445A63 /* Layout */,
				A1974F9D1E42AD1D00F710FA /* CodeTableViewCell.swift */,
				5F9576341E71A16100445A63 /* BuildingBlockCollectionViewCell.swift */,
				5F9576351E71A16100445A63 /* BuildingBlockCollectionViewCell.xib */,
			);
			path = View;
			sourceTree = "<group>";
		};
		A172260E1E527F8B00FCCAD0 /* Controller */ = {
			isa = PBXGroup;
			children = (
				A172260F1E527FCA00FCCAD0 /* VC */,
				A1A6A5B01E494E1300F56FBF /* PPMainTabBarController.swift */,
			);
			path = Controller;
			sourceTree = "<group>";
		};
		A172260F1E527FCA00FCCAD0 /* VC */ = {
			isa = PBXGroup;
			children = (
				A17226611E5538AE00FCCAD0 /* Auth */,
				A17226621E5538F500FCCAD0 /* Property */,
				5FCA39551E62A3EB0012C6DC /* Profile */,
				A17226151E52871800FCCAD0 /* HistoryViewController.swift */,
				A17226171E52872D00FCCAD0 /* NotificationViewController.swift */,
				A17226131E5286F100FCCAD0 /* PartnerViewController.swift */,
				AF61AD0C1E24C1BE001FC3FB /* ViewController.swift */,
				AF61AD201E24C581001FC3FB /* imagepickerViewController.swift */,
			);
			path = VC;
			sourceTree = "<group>";
		};
		A17226101E52800000FCCAD0 /* SupportingFile */ = {
			isa = PBXGroup;
			children = (
				AF61AD111E24C1BE001FC3FB /* Assets.xcassets */,
				AF61AD221E24C66E001FC3FB /* GoogleService-Info.plist */,
				AF61AD161E24C1BE001FC3FB /* Info.plist */,
				AF61AD131E24C1BE001FC3FB /* LaunchScreen.storyboard */,
			);
			path = SupportingFile;
			sourceTree = "<group>";
		};
		A17226611E5538AE00FCCAD0 /* Auth */ = {
			isa = PBXGroup;
			children = (
				AF61AD1C1E24C20C001FC3FB /* LoginViewController.swift */,
				AF61AD1E1E24C212001FC3FB /* SignUpViewController.swift */,
			);
			path = Auth;
			sourceTree = "<group>";
		};
		A17226621E5538F500FCCAD0 /* Property */ = {
			isa = PBXGroup;
			children = (
				A17226111E52867300FCCAD0 /* PropertiesViewController.swift */,
				A1A6A5AE1E49478800F56FBF /* AddPropertyViewController.swift */,
				A17226211E528F8800FCCAD0 /* PropertyDetailsMainViewController.swift */,
				A172261D1E528F4B00FCCAD0 /* PropertyBuildingViewController.swift */,
				A17226191E5287B000FCCAD0 /* PropertyDetailsViewController.swift */,
				A172261F1E528F5D00FCCAD0 /* PropertyStatViewController.swift */,
				A172261B1E528F2B00FCCAD0 /* PropertyTypeViewController.swift */,
			);
			path = Property;
			sourceTree = "<group>";
		};
		AF61ACFE1E24C1BE001FC3FB = {
			isa = PBXGroup;
			children = (
				C640AE370FFE8FE6AF31887E /* Frameworks */,
				AF61AD091E24C1BE001FC3FB /* PP */,
				B631D50E37548D81535F2650 /* Pods */,
				AF61AD081E24C1BE001FC3FB /* Products */,
			);
			sourceTree = "<group>";
		};
		AF61AD081E24C1BE001FC3FB /* Products */ = {
			isa = PBXGroup;
			children = (
				AF61AD071E24C1BE001FC3FB /* PP.app */,
			);
			name = Products;
			sourceTree = "<group>";
		};
		AF61AD091E24C1BE001FC3FB /* PP */ = {
			isa = PBXGroup;
			children = (
				A172260E1E527F8B00FCCAD0 /* Controller */,
				A172260B1E527F6F00FCCAD0 /* Model */,
				A17226101E52800000FCCAD0 /* SupportingFile */,
				A172260D1E527F8500FCCAD0 /* View */,
				A172260A1E527F6300FCCAD0 /* other */,
			);
			path = PP;
			sourceTree = "<group>";
		};
		B631D50E37548D81535F2650 /* Pods */ = {
			isa = PBXGroup;
			children = (
				D16BBDD9D0E58F64222529CB /* Pods-PP.debug.xcconfig */,
				69C472857A80D5ECA69FFF98 /* Pods-PP.release.xcconfig */,
			);
			name = Pods;
			sourceTree = "<group>";
		};
		C640AE370FFE8FE6AF31887E /* Frameworks */ = {
			isa = PBXGroup;
			children = (
				4F8289FA99FF1D92FDDA9C5B /* Pods_PP.framework */,
			);
			name = Frameworks;
			sourceTree = "<group>";
		};
/* End PBXGroup section */

/* Begin PBXNativeTarget section */
		AF61AD061E24C1BE001FC3FB /* PP */ = {
			isa = PBXNativeTarget;
			buildConfigurationList = AF61AD191E24C1BE001FC3FB /* Build configuration list for PBXNativeTarget "PP" */;
			buildPhases = (
				7089A934DABF20B0E8B4E760 /* [CP] Check Pods Manifest.lock */,
				AF61AD031E24C1BE001FC3FB /* Sources */,
				AF61AD041E24C1BE001FC3FB /* Frameworks */,
				AF61AD051E24C1BE001FC3FB /* Resources */,
				621DF9062613090546D01006 /* [CP] Embed Pods Frameworks */,
				A4E9E53ADE19001FDD036465 /* [CP] Copy Pods Resources */,
			);
			buildRules = (
			);
			dependencies = (
			);
			name = PP;
			productName = PP;
			productReference = AF61AD071E24C1BE001FC3FB /* PP.app */;
			productType = "com.apple.product-type.application";
		};
/* End PBXNativeTarget section */

/* Begin PBXProject section */
		AF61ACFF1E24C1BE001FC3FB /* Project object */ = {
			isa = PBXProject;
			attributes = {
				LastSwiftUpdateCheck = 0820;
				LastUpgradeCheck = 0820;
				ORGANIZATIONNAME = ckhui;
				TargetAttributes = {
					AF61AD061E24C1BE001FC3FB = {
						CreatedOnToolsVersion = 8.2;
						DevelopmentTeam = R5MWXFW4RY;
						ProvisioningStyle = Automatic;
					};
				};
			};
			buildConfigurationList = AF61AD021E24C1BE001FC3FB /* Build configuration list for PBXProject "PP" */;
			compatibilityVersion = "Xcode 3.2";
			developmentRegion = English;
			hasScannedForEncodings = 0;
			knownRegions = (
				en,
				Base,
			);
			mainGroup = AF61ACFE1E24C1BE001FC3FB;
			productRefGroup = AF61AD081E24C1BE001FC3FB /* Products */;
			projectDirPath = "";
			projectRoot = "";
			targets = (
				AF61AD061E24C1BE001FC3FB /* PP */,
			);
		};
/* End PBXProject section */

/* Begin PBXResourcesBuildPhase section */
		AF61AD051E24C1BE001FC3FB /* Resources */ = {
			isa = PBXResourcesBuildPhase;
			buildActionMask = 2147483647;
			files = (
				AF61AD151E24C1BE001FC3FB /* LaunchScreen.storyboard in Resources */,
				AF61AD121E24C1BE001FC3FB /* Assets.xcassets in Resources */,
				AF61AD101E24C1BE001FC3FB /* Main.storyboard in Resources */,
				5F9576371E71A16100445A63 /* BuildingBlockCollectionViewCell.xib in Resources */,
				AF61AD231E24C66E001FC3FB /* GoogleService-Info.plist in Resources */,
			);
			runOnlyForDeploymentPostprocessing = 0;
		};
/* End PBXResourcesBuildPhase section */

/* Begin PBXShellScriptBuildPhase section */
		621DF9062613090546D01006 /* [CP] Embed Pods Frameworks */ = {
			isa = PBXShellScriptBuildPhase;
			buildActionMask = 2147483647;
			files = (
			);
			inputPaths = (
			);
			name = "[CP] Embed Pods Frameworks";
			outputPaths = (
			);
			runOnlyForDeploymentPostprocessing = 0;
			shellPath = /bin/sh;
			shellScript = "\"${SRCROOT}/Pods/Target Support Files/Pods-PP/Pods-PP-frameworks.sh\"\n";
			showEnvVarsInLog = 0;
		};
		7089A934DABF20B0E8B4E760 /* [CP] Check Pods Manifest.lock */ = {
			isa = PBXShellScriptBuildPhase;
			buildActionMask = 2147483647;
			files = (
			);
			inputPaths = (
			);
			name = "[CP] Check Pods Manifest.lock";
			outputPaths = (
			);
			runOnlyForDeploymentPostprocessing = 0;
			shellPath = /bin/sh;
			shellScript = "diff \"${PODS_ROOT}/../Podfile.lock\" \"${PODS_ROOT}/Manifest.lock\" > /dev/null\nif [ $? != 0 ] ; then\n    # print error to STDERR\n    echo \"error: The sandbox is not in sync with the Podfile.lock. Run 'pod install' or update your CocoaPods installation.\" >&2\n    exit 1\nfi\n";
			showEnvVarsInLog = 0;
		};
		A4E9E53ADE19001FDD036465 /* [CP] Copy Pods Resources */ = {
			isa = PBXShellScriptBuildPhase;
			buildActionMask = 2147483647;
			files = (
			);
			inputPaths = (
			);
			name = "[CP] Copy Pods Resources";
			outputPaths = (
			);
			runOnlyForDeploymentPostprocessing = 0;
			shellPath = /bin/sh;
			shellScript = "\"${SRCROOT}/Pods/Target Support Files/Pods-PP/Pods-PP-resources.sh\"\n";
			showEnvVarsInLog = 0;
		};
/* End PBXShellScriptBuildPhase section */

/* Begin PBXSourcesBuildPhase section */
		AF61AD031E24C1BE001FC3FB /* Sources */ = {
			isa = PBXSourcesBuildPhase;
			buildActionMask = 2147483647;
			files = (
				A172261A1E5287B000FCCAD0 /* PropertyDetailsViewController.swift in Sources */,
				AF61AD211E24C581001FC3FB /* imagepickerViewController.swift in Sources */,
				AF61AD1D1E24C20C001FC3FB /* LoginViewController.swift in Sources */,
				A1A6A5AF1E49478800F56FBF /* AddPropertyViewController.swift in Sources */,
				A17226121E52867300FCCAD0 /* PropertiesViewController.swift in Sources */,
				A17226141E5286F100FCCAD0 /* PartnerViewController.swift in Sources */,
				A1A6A5B11E494E1300F56FBF /* PPMainTabBarController.swift in Sources */,
				AF61AD0D1E24C1BE001FC3FB /* ViewController.swift in Sources */,
				A17226161E52871800FCCAD0 /* HistoryViewController.swift in Sources */,
				A17226221E528F8800FCCAD0 /* PropertyDetailsMainViewController.swift in Sources */,
				A1974F9E1E42AD1D00F710FA /* CodeTableViewCell.swift in Sources */,
				AF61AD1F1E24C212001FC3FB /* SignUpViewController.swift in Sources */,
				AF61AD251E24C78C001FC3FB /* Instagram.swift in Sources */,
				A1A6A5AD1E49474500F56FBF /* ProfileViewController.swift in Sources */,
				A172261C1E528F2B00FCCAD0 /* PropertyTypeViewController.swift in Sources */,
				A17226181E52872D00FCCAD0 /* NotificationViewController.swift in Sources */,
				5F9576361E71A16100445A63 /* BuildingBlockCollectionViewCell.swift in Sources */,
				AF61AD0B1E24C1BE001FC3FB /* AppDelegate.swift in Sources */,
				A17226201E528F5D00FCCAD0 /* PropertyStatViewController.swift in Sources */,
				A19EF54F1E319FAF0091556E /* User.swift in Sources */,
				A172261E1E528F4B00FCCAD0 /* PropertyBuildingViewController.swift in Sources */,
				A1974FA01E42AD8400F710FA /* CodePageViewController.swift in Sources */,
				A149FB041E38221000B31B1D /* PPAction.swift in Sources */,
				5F9576331E7177D200445A63 /* BuildingGridLayout.swift in Sources */,
			);
			runOnlyForDeploymentPostprocessing = 0;
		};
/* End PBXSourcesBuildPhase section */

/* Begin PBXVariantGroup section */
		AF61AD0E1E24C1BE001FC3FB /* Main.storyboard */ = {
			isa = PBXVariantGroup;
			children = (
				AF61AD0F1E24C1BE001FC3FB /* Base */,
			);
			name = Main.storyboard;
			path = .;
			sourceTree = "<group>";
		};
		AF61AD131E24C1BE001FC3FB /* LaunchScreen.storyboard */ = {
			isa = PBXVariantGroup;
			children = (
				AF61AD141E24C1BE001FC3FB /* Base */,
			);
			name = LaunchScreen.storyboard;
			path = .;
			sourceTree = "<group>";
		};
/* End PBXVariantGroup section */

/* Begin XCBuildConfiguration section */
		AF61AD171E24C1BE001FC3FB /* Debug */ = {
			isa = XCBuildConfiguration;
			buildSettings = {
				ALWAYS_SEARCH_USER_PATHS = NO;
				CLANG_ANALYZER_NONNULL = YES;
				CLANG_CXX_LANGUAGE_STANDARD = "gnu++0x";
				CLANG_CXX_LIBRARY = "libc++";
				CLANG_ENABLE_MODULES = YES;
				CLANG_ENABLE_OBJC_ARC = YES;
				CLANG_WARN_BOOL_CONVERSION = YES;
				CLANG_WARN_CONSTANT_CONVERSION = YES;
				CLANG_WARN_DIRECT_OBJC_ISA_USAGE = YES_ERROR;
				CLANG_WARN_DOCUMENTATION_COMMENTS = YES;
				CLANG_WARN_EMPTY_BODY = YES;
				CLANG_WARN_ENUM_CONVERSION = YES;
				CLANG_WARN_INFINITE_RECURSION = YES;
				CLANG_WARN_INT_CONVERSION = YES;
				CLANG_WARN_OBJC_ROOT_CLASS = YES_ERROR;
				CLANG_WARN_SUSPICIOUS_MOVE = YES;
				CLANG_WARN_UNREACHABLE_CODE = YES;
				CLANG_WARN__DUPLICATE_METHOD_MATCH = YES;
				"CODE_SIGN_IDENTITY[sdk=iphoneos*]" = "iPhone Developer";
				COPY_PHASE_STRIP = NO;
				DEBUG_INFORMATION_FORMAT = dwarf;
				ENABLE_STRICT_OBJC_MSGSEND = YES;
				ENABLE_TESTABILITY = YES;
				GCC_C_LANGUAGE_STANDARD = gnu99;
				GCC_DYNAMIC_NO_PIC = NO;
				GCC_NO_COMMON_BLOCKS = YES;
				GCC_OPTIMIZATION_LEVEL = 0;
				GCC_PREPROCESSOR_DEFINITIONS = (
					"DEBUG=1",
					"$(inherited)",
				);
				GCC_WARN_64_TO_32_BIT_CONVERSION = YES;
				GCC_WARN_ABOUT_RETURN_TYPE = YES_ERROR;
				GCC_WARN_UNDECLARED_SELECTOR = YES;
				GCC_WARN_UNINITIALIZED_AUTOS = YES_AGGRESSIVE;
				GCC_WARN_UNUSED_FUNCTION = YES;
				GCC_WARN_UNUSED_VARIABLE = YES;
				IPHONEOS_DEPLOYMENT_TARGET = 10.2;
				MTL_ENABLE_DEBUG_INFO = YES;
				ONLY_ACTIVE_ARCH = YES;
				SDKROOT = iphoneos;
				SWIFT_ACTIVE_COMPILATION_CONDITIONS = DEBUG;
				SWIFT_OPTIMIZATION_LEVEL = "-Onone";
				TARGETED_DEVICE_FAMILY = "1,2";
			};
			name = Debug;
		};
		AF61AD181E24C1BE001FC3FB /* Release */ = {
			isa = XCBuildConfiguration;
			buildSettings = {
				ALWAYS_SEARCH_USER_PATHS = NO;
				CLANG_ANALYZER_NONNULL = YES;
				CLANG_CXX_LANGUAGE_STANDARD = "gnu++0x";
				CLANG_CXX_LIBRARY = "libc++";
				CLANG_ENABLE_MODULES = YES;
				CLANG_ENABLE_OBJC_ARC = YES;
				CLANG_WARN_BOOL_CONVERSION = YES;
				CLANG_WARN_CONSTANT_CONVERSION = YES;
				CLANG_WARN_DIRECT_OBJC_ISA_USAGE = YES_ERROR;
				CLANG_WARN_DOCUMENTATION_COMMENTS = YES;
				CLANG_WARN_EMPTY_BODY = YES;
				CLANG_WARN_ENUM_CONVERSION = YES;
				CLANG_WARN_INFINITE_RECURSION = YES;
				CLANG_WARN_INT_CONVERSION = YES;
				CLANG_WARN_OBJC_ROOT_CLASS = YES_ERROR;
				CLANG_WARN_SUSPICIOUS_MOVE = YES;
				CLANG_WARN_UNREACHABLE_CODE = YES;
				CLANG_WARN__DUPLICATE_METHOD_MATCH = YES;
				"CODE_SIGN_IDENTITY[sdk=iphoneos*]" = "iPhone Developer";
				COPY_PHASE_STRIP = NO;
				DEBUG_INFORMATION_FORMAT = "dwarf-with-dsym";
				ENABLE_NS_ASSERTIONS = NO;
				ENABLE_STRICT_OBJC_MSGSEND = YES;
				GCC_C_LANGUAGE_STANDARD = gnu99;
				GCC_NO_COMMON_BLOCKS = YES;
				GCC_WARN_64_TO_32_BIT_CONVERSION = YES;
				GCC_WARN_ABOUT_RETURN_TYPE = YES_ERROR;
				GCC_WARN_UNDECLARED_SELECTOR = YES;
				GCC_WARN_UNINITIALIZED_AUTOS = YES_AGGRESSIVE;
				GCC_WARN_UNUSED_FUNCTION = YES;
				GCC_WARN_UNUSED_VARIABLE = YES;
				IPHONEOS_DEPLOYMENT_TARGET = 10.2;
				MTL_ENABLE_DEBUG_INFO = NO;
				SDKROOT = iphoneos;
				SWIFT_OPTIMIZATION_LEVEL = "-Owholemodule";
				TARGETED_DEVICE_FAMILY = "1,2";
				VALIDATE_PRODUCT = YES;
			};
			name = Release;
		};
		AF61AD1A1E24C1BE001FC3FB /* Debug */ = {
			isa = XCBuildConfiguration;
			baseConfigurationReference = D16BBDD9D0E58F64222529CB /* Pods-PP.debug.xcconfig */;
			buildSettings = {
				ASSETCATALOG_COMPILER_APPICON_NAME = AppIcon;
				"CODE_SIGN_IDENTITY[sdk=iphoneos*]" = "iPhone Developer";
				DEVELOPMENT_TEAM = R5MWXFW4RY;
				INFOPLIST_FILE = PP/SupportingFile/Info.plist;
				LD_RUNPATH_SEARCH_PATHS = "$(inherited) @executable_path/Frameworks";
				PRODUCT_BUNDLE_IDENTIFIER = com.ckhui.PP;
				PRODUCT_NAME = "$(TARGET_NAME)";
				SWIFT_VERSION = 3.0;
			};
			name = Debug;
		};
		AF61AD1B1E24C1BE001FC3FB /* Release */ = {
			isa = XCBuildConfiguration;
			baseConfigurationReference = 69C472857A80D5ECA69FFF98 /* Pods-PP.release.xcconfig */;
			buildSettings = {
				ASSETCATALOG_COMPILER_APPICON_NAME = AppIcon;
				"CODE_SIGN_IDENTITY[sdk=iphoneos*]" = "iPhone Developer";
				DEVELOPMENT_TEAM = R5MWXFW4RY;
				INFOPLIST_FILE = PP/SupportingFile/Info.plist;
				LD_RUNPATH_SEARCH_PATHS = "$(inherited) @executable_path/Frameworks";
				PRODUCT_BUNDLE_IDENTIFIER = com.ckhui.PP;
				PRODUCT_NAME = "$(TARGET_NAME)";
				SWIFT_VERSION = 3.0;
			};
			name = Release;
		};
/* End XCBuildConfiguration section */

/* Begin XCConfigurationList section */
		AF61AD021E24C1BE001FC3FB /* Build configuration list for PBXProject "PP" */ = {
			isa = XCConfigurationList;
			buildConfigurations = (
				AF61AD171E24C1BE001FC3FB /* Debug */,
				AF61AD181E24C1BE001FC3FB /* Release */,
			);
			defaultConfigurationIsVisible = 0;
			defaultConfigurationName = Release;
		};
		AF61AD191E24C1BE001FC3FB /* Build configuration list for PBXNativeTarget "PP" */ = {
			isa = XCConfigurationList;
			buildConfigurations = (
				AF61AD1A1E24C1BE001FC3FB /* Debug */,
				AF61AD1B1E24C1BE001FC3FB /* Release */,
			);
			defaultConfigurationIsVisible = 0;
			defaultConfigurationName = Release;
		};
/* End XCConfigurationList section */
	};
	rootObject = AF61ACFF1E24C1BE001FC3FB /* Project object */;
}
